// !$*UTF8*$!
{
	archiveVersion = 1;
	classes = {
	};
	objectVersion = 77;
	objects = {

/* Begin PBXBuildFile section */
		7479C90D2E20F3280030BE89 /* .gitignore in Resources */ = {isa = PBXBuildFile; fileRef = 7479C90C2E20F3210030BE89 /* .gitignore */; };
		748261C72E25F6F500CD01AE /* FirebaseAI in Frameworks */ = {isa = PBXBuildFile; productRef = 748261C62E25F6F500CD01AE /* FirebaseAI */; };
		748261C92E25F6F500CD01AE /* FirebaseAnalytics in Frameworks */ = {isa = PBXBuildFile; productRef = 748261C82E25F6F500CD01AE /* FirebaseAnalytics */; };
		748261CB2E25F6F500CD01AE /* FirebaseAnalyticsCore in Frameworks */ = {isa = PBXBuildFile; productRef = 748261CA2E25F6F500CD01AE /* FirebaseAnalyticsCore */; };
		748261CD2E25F6F500CD01AE /* FirebaseAnalyticsIdentitySupport in Frameworks */ = {isa = PBXBuildFile; productRef = 748261CC2E25F6F500CD01AE /* FirebaseAnalyticsIdentitySupport */; };
		748261CF2E25F6F500CD01AE /* FirebaseAnalyticsOnDeviceConversion in Frameworks */ = {isa = PBXBuildFile; productRef = 748261CE2E25F6F500CD01AE /* FirebaseAnalyticsOnDeviceConversion */; };
		748261D12E25F6F500CD01AE /* FirebaseAnalyticsWithoutAdIdSupport in Frameworks */ = {isa = PBXBuildFile; productRef = 748261D02E25F6F500CD01AE /* FirebaseAnalyticsWithoutAdIdSupport */; };
		748261D32E25F6F500CD01AE /* FirebaseAppCheck in Frameworks */ = {isa = PBXBuildFile; productRef = 748261D22E25F6F500CD01AE /* FirebaseAppCheck */; };
		748261D52E25F6F500CD01AE /* FirebaseAppDistribution-Beta in Frameworks */ = {isa = PBXBuildFile; productRef = 748261D42E25F6F500CD01AE /* FirebaseAppDistribution-Beta */; };
		748261D72E25F6F500CD01AE /* FirebaseAuth in Frameworks */ = {isa = PBXBuildFile; productRef = 748261D62E25F6F500CD01AE /* FirebaseAuth */; };
		748261D92E25F6F500CD01AE /* FirebaseAuthCombine-Community in Frameworks */ = {isa = PBXBuildFile; productRef = 748261D82E25F6F500CD01AE /* FirebaseAuthCombine-Community */; };
		748261DB2E25F6F500CD01AE /* FirebaseCore in Frameworks */ = {isa = PBXBuildFile; productRef = 748261DA2E25F6F500CD01AE /* FirebaseCore */; };
		748261DD2E25F6F500CD01AE /* FirebaseCrashlytics in Frameworks */ = {isa = PBXBuildFile; productRef = 748261DC2E25F6F500CD01AE /* FirebaseCrashlytics */; };
		748261DF2E25F6F500CD01AE /* FirebaseDatabase in Frameworks */ = {isa = PBXBuildFile; productRef = 748261DE2E25F6F500CD01AE /* FirebaseDatabase */; };
		748261E12E25F6F500CD01AE /* FirebaseDynamicLinks in Frameworks */ = {isa = PBXBuildFile; productRef = 748261E02E25F6F500CD01AE /* FirebaseDynamicLinks */; };
		748261E32E25F6F500CD01AE /* FirebaseFirestore in Frameworks */ = {isa = PBXBuildFile; productRef = 748261E22E25F6F500CD01AE /* FirebaseFirestore */; };
		748261E52E25F6F500CD01AE /* FirebaseFirestoreCombine-Community in Frameworks */ = {isa = PBXBuildFile; productRef = 748261E42E25F6F500CD01AE /* FirebaseFirestoreCombine-Community */; };
		748261E72E25F6F500CD01AE /* FirebaseFunctions in Frameworks */ = {isa = PBXBuildFile; productRef = 748261E62E25F6F500CD01AE /* FirebaseFunctions */; };
		748261E92E25F6F500CD01AE /* FirebaseFunctionsCombine-Community in Frameworks */ = {isa = PBXBuildFile; productRef = 748261E82E25F6F500CD01AE /* FirebaseFunctionsCombine-Community */; };
		748261EB2E25F6F500CD01AE /* FirebaseInAppMessaging-Beta in Frameworks */ = {isa = PBXBuildFile; productRef = 748261EA2E25F6F500CD01AE /* FirebaseInAppMessaging-Beta */; };
		748261ED2E25F6F500CD01AE /* FirebaseInstallations in Frameworks */ = {isa = PBXBuildFile; productRef = 748261EC2E25F6F500CD01AE /* FirebaseInstallations */; };
		748261EF2E25F6F500CD01AE /* FirebaseMLModelDownloader in Frameworks */ = {isa = PBXBuildFile; productRef = 748261EE2E25F6F500CD01AE /* FirebaseMLModelDownloader */; };
		748261F12E25F6F500CD01AE /* FirebaseMessaging in Frameworks */ = {isa = PBXBuildFile; productRef = 748261F02E25F6F500CD01AE /* FirebaseMessaging */; };
		748261F32E25F6F500CD01AE /* FirebasePerformance in Frameworks */ = {isa = PBXBuildFile; productRef = 748261F22E25F6F500CD01AE /* FirebasePerformance */; };
		748261F52E25F6F500CD01AE /* FirebaseRemoteConfig in Frameworks */ = {isa = PBXBuildFile; productRef = 748261F42E25F6F500CD01AE /* FirebaseRemoteConfig */; };
		748261F72E25F6F500CD01AE /* FirebaseStorage in Frameworks */ = {isa = PBXBuildFile; productRef = 748261F62E25F6F500CD01AE /* FirebaseStorage */; };
		748261F92E25F6F500CD01AE /* FirebaseStorageCombine-Community in Frameworks */ = {isa = PBXBuildFile; productRef = 748261F82E25F6F500CD01AE /* FirebaseStorageCombine-Community */; };
		748261FB2E25F6F500CD01AE /* FirebaseVertexAI in Frameworks */ = {isa = PBXBuildFile; productRef = 748261FA2E25F6F500CD01AE /* FirebaseVertexAI */; };
		748261FE2E25F70900CD01AE /* Alamofire in Frameworks */ = {isa = PBXBuildFile; productRef = 748261FD2E25F70900CD01AE /* Alamofire */; };
		748262002E25F70900CD01AE /* AlamofireDynamic in Frameworks */ = {isa = PBXBuildFile; productRef = 748261FF2E25F70900CD01AE /* AlamofireDynamic */; };
		748262032E25F71A00CD01AE /* Kingfisher in Frameworks */ = {isa = PBXBuildFile; productRef = 748262022E25F71A00CD01AE /* Kingfisher */; };
		748262062E25F74100CD01AE /* KakaoSDK in Frameworks */ = {isa = PBXBuildFile; productRef = 748262052E25F74100CD01AE /* KakaoSDK */; };
		748262082E25F74100CD01AE /* KakaoSDKAuth in Frameworks */ = {isa = PBXBuildFile; productRef = 748262072E25F74100CD01AE /* KakaoSDKAuth */; };
		7482620A2E25F74100CD01AE /* KakaoSDKCert in Frameworks */ = {isa = PBXBuildFile; productRef = 748262092E25F74100CD01AE /* KakaoSDKCert */; };
		7482620C2E25F74100CD01AE /* KakaoSDKCertCore in Frameworks */ = {isa = PBXBuildFile; productRef = 7482620B2E25F74100CD01AE /* KakaoSDKCertCore */; };
		7482620E2E25F74100CD01AE /* KakaoSDKCommon in Frameworks */ = {isa = PBXBuildFile; productRef = 7482620D2E25F74100CD01AE /* KakaoSDKCommon */; };
		748262102E25F74100CD01AE /* KakaoSDKFriend in Frameworks */ = {isa = PBXBuildFile; productRef = 7482620F2E25F74100CD01AE /* KakaoSDKFriend */; };
		748262122E25F74100CD01AE /* KakaoSDKFriendCore in Frameworks */ = {isa = PBXBuildFile; productRef = 748262112E25F74100CD01AE /* KakaoSDKFriendCore */; };
		748262142E25F74100CD01AE /* KakaoSDKNavi in Frameworks */ = {isa = PBXBuildFile; productRef = 748262132E25F74100CD01AE /* KakaoSDKNavi */; };
		748262162E25F74100CD01AE /* KakaoSDKShare in Frameworks */ = {isa = PBXBuildFile; productRef = 748262152E25F74100CD01AE /* KakaoSDKShare */; };
		748262182E25F74100CD01AE /* KakaoSDKTalk in Frameworks */ = {isa = PBXBuildFile; productRef = 748262172E25F74100CD01AE /* KakaoSDKTalk */; };
		7482621A2E25F74100CD01AE /* KakaoSDKTemplate in Frameworks */ = {isa = PBXBuildFile; productRef = 748262192E25F74100CD01AE /* KakaoSDKTemplate */; };
		7482621C2E25F74100CD01AE /* KakaoSDKUser in Frameworks */ = {isa = PBXBuildFile; productRef = 7482621B2E25F74100CD01AE /* KakaoSDKUser */; };
		74DB97EE2E1D78E300F3964F /* README.md in Resources */ = {isa = PBXBuildFile; fileRef = 74DB97ED2E1D78D900F3964F /* README.md */; };
/* End PBXBuildFile section */

/* Begin PBXContainerItemProxy section */
		74DB97CE2E1D781400F3964F /* PBXContainerItemProxy */ = {
			isa = PBXContainerItemProxy;
			containerPortal = 74DB97B72E1D781300F3964F /* Project object */;
			proxyType = 1;
			remoteGlobalIDString = 74DB97BE2E1D781300F3964F;
			remoteInfo = PeakTime;
		};
		74DB97D82E1D781400F3964F /* PBXContainerItemProxy */ = {
			isa = PBXContainerItemProxy;
			containerPortal = 74DB97B72E1D781300F3964F /* Project object */;
			proxyType = 1;
			remoteGlobalIDString = 74DB97BE2E1D781300F3964F;
			remoteInfo = PeakTime;
		};
/* End PBXContainerItemProxy section */

/* Begin PBXFileReference section */
		7479C90C2E20F3210030BE89 /* .gitignore */ = {isa = PBXFileReference; lastKnownFileType = text; path = .gitignore; sourceTree = "<group>"; };
		74DB97BF2E1D781300F3964F /* PeakTime.app */ = {isa = PBXFileReference; explicitFileType = wrapper.application; includeInIndex = 0; path = PeakTime.app; sourceTree = BUILT_PRODUCTS_DIR; };
		74DB97CD2E1D781400F3964F /* PeakTimeTests.xctest */ = {isa = PBXFileReference; explicitFileType = wrapper.cfbundle; includeInIndex = 0; path = PeakTimeTests.xctest; sourceTree = BUILT_PRODUCTS_DIR; };
		74DB97D72E1D781400F3964F /* PeakTimeUITests.xctest */ = {isa = PBXFileReference; explicitFileType = wrapper.cfbundle; includeInIndex = 0; path = PeakTimeUITests.xctest; sourceTree = BUILT_PRODUCTS_DIR; };
		74DB97ED2E1D78D900F3964F /* README.md */ = {isa = PBXFileReference; lastKnownFileType = net.daringfireball.markdown; path = README.md; sourceTree = "<group>"; };
/* End PBXFileReference section */

/* Begin PBXFileSystemSynchronizedRootGroup section */
		74DB97C12E1D781300F3964F /* PeakTime */ = {
			isa = PBXFileSystemSynchronizedRootGroup;
			path = PeakTime;
			sourceTree = "<group>";
		};
		74DB97D02E1D781400F3964F /* PeakTimeTests */ = {
			isa = PBXFileSystemSynchronizedRootGroup;
			path = PeakTimeTests;
			sourceTree = "<group>";
		};
		74DB97DA2E1D781400F3964F /* PeakTimeUITests */ = {
			isa = PBXFileSystemSynchronizedRootGroup;
			path = PeakTimeUITests;
			sourceTree = "<group>";
		};
/* End PBXFileSystemSynchronizedRootGroup section */

/* Begin PBXFrameworksBuildPhase section */
		74DB97BC2E1D781300F3964F /* Frameworks */ = {
			isa = PBXFrameworksBuildPhase;
			buildActionMask = 2147483647;
			files = (
				748261E72E25F6F500CD01AE /* FirebaseFunctions in Frameworks */,
				748261FE2E25F70900CD01AE /* Alamofire in Frameworks */,
				748262062E25F74100CD01AE /* KakaoSDK in Frameworks */,
				748261DF2E25F6F500CD01AE /* FirebaseDatabase in Frameworks */,
				748261CD2E25F6F500CD01AE /* FirebaseAnalyticsIdentitySupport in Frameworks */,
				748261F72E25F6F500CD01AE /* FirebaseStorage in Frameworks */,
				748261D12E25F6F500CD01AE /* FirebaseAnalyticsWithoutAdIdSupport in Frameworks */,
				748262082E25F74100CD01AE /* KakaoSDKAuth in Frameworks */,
				748262162E25F74100CD01AE /* KakaoSDKShare in Frameworks */,
				7482620E2E25F74100CD01AE /* KakaoSDKCommon in Frameworks */,
				748261DB2E25F6F500CD01AE /* FirebaseCore in Frameworks */,
				748261C92E25F6F500CD01AE /* FirebaseAnalytics in Frameworks */,
				748262102E25F74100CD01AE /* KakaoSDKFriend in Frameworks */,
				748261EF2E25F6F500CD01AE /* FirebaseMLModelDownloader in Frameworks */,
				748261E12E25F6F500CD01AE /* FirebaseDynamicLinks in Frameworks */,
				748261CF2E25F6F500CD01AE /* FirebaseAnalyticsOnDeviceConversion in Frameworks */,
				748262002E25F70900CD01AE /* AlamofireDynamic in Frameworks */,
				748262182E25F74100CD01AE /* KakaoSDKTalk in Frameworks */,
				7482621A2E25F74100CD01AE /* KakaoSDKTemplate in Frameworks */,
				748261D72E25F6F500CD01AE /* FirebaseAuth in Frameworks */,
				748261E32E25F6F500CD01AE /* FirebaseFirestore in Frameworks */,
				748261E52E25F6F500CD01AE /* FirebaseFirestoreCombine-Community in Frameworks */,
				748261FB2E25F6F500CD01AE /* FirebaseVertexAI in Frameworks */,
				7482620C2E25F74100CD01AE /* KakaoSDKCertCore in Frameworks */,
				748261EB2E25F6F500CD01AE /* FirebaseInAppMessaging-Beta in Frameworks */,
				748261E92E25F6F500CD01AE /* FirebaseFunctionsCombine-Community in Frameworks */,
				748261D32E25F6F500CD01AE /* FirebaseAppCheck in Frameworks */,
				748261F92E25F6F500CD01AE /* FirebaseStorageCombine-Community in Frameworks */,
				748262122E25F74100CD01AE /* KakaoSDKFriendCore in Frameworks */,
				748261F52E25F6F500CD01AE /* FirebaseRemoteConfig in Frameworks */,
				748261CB2E25F6F500CD01AE /* FirebaseAnalyticsCore in Frameworks */,
				7482620A2E25F74100CD01AE /* KakaoSDKCert in Frameworks */,
				748261C72E25F6F500CD01AE /* FirebaseAI in Frameworks */,
				748261F32E25F6F500CD01AE /* FirebasePerformance in Frameworks */,
				748262032E25F71A00CD01AE /* Kingfisher in Frameworks */,
				748261DD2E25F6F500CD01AE /* FirebaseCrashlytics in Frameworks */,
				748261D52E25F6F500CD01AE /* FirebaseAppDistribution-Beta in Frameworks */,
				748261D92E25F6F500CD01AE /* FirebaseAuthCombine-Community in Frameworks */,
				7482621C2E25F74100CD01AE /* KakaoSDKUser in Frameworks */,
				748261F12E25F6F500CD01AE /* FirebaseMessaging in Frameworks */,
				748261ED2E25F6F500CD01AE /* FirebaseInstallations in Frameworks */,
				748262142E25F74100CD01AE /* KakaoSDKNavi in Frameworks */,
			);
			runOnlyForDeploymentPostprocessing = 0;
		};
		74DB97CA2E1D781400F3964F /* Frameworks */ = {
			isa = PBXFrameworksBuildPhase;
			buildActionMask = 2147483647;
			files = (
			);
			runOnlyForDeploymentPostprocessing = 0;
		};
		74DB97D42E1D781400F3964F /* Frameworks */ = {
			isa = PBXFrameworksBuildPhase;
			buildActionMask = 2147483647;
			files = (
			);
			runOnlyForDeploymentPostprocessing = 0;
		};
/* End PBXFrameworksBuildPhase section */

/* Begin PBXGroup section */
		74DB97B62E1D781300F3964F = {
			isa = PBXGroup;
			children = (
				7479C90C2E20F3210030BE89 /* .gitignore */,
				74DB97ED2E1D78D900F3964F /* README.md */,
				74DB97C12E1D781300F3964F /* PeakTime */,
				74DB97D02E1D781400F3964F /* PeakTimeTests */,
				74DB97DA2E1D781400F3964F /* PeakTimeUITests */,
				74DB97C02E1D781300F3964F /* Products */,
			);
			sourceTree = "<group>";
		};
		74DB97C02E1D781300F3964F /* Products */ = {
			isa = PBXGroup;
			children = (
				74DB97BF2E1D781300F3964F /* PeakTime.app */,
				74DB97CD2E1D781400F3964F /* PeakTimeTests.xctest */,
				74DB97D72E1D781400F3964F /* PeakTimeUITests.xctest */,
			);
			name = Products;
			sourceTree = "<group>";
		};
/* End PBXGroup section */

/* Begin PBXNativeTarget section */
		74DB97BE2E1D781300F3964F /* PeakTime */ = {
			isa = PBXNativeTarget;
			buildConfigurationList = 74DB97E12E1D781400F3964F /* Build configuration list for PBXNativeTarget "PeakTime" */;
			buildPhases = (
				74DB97BB2E1D781300F3964F /* Sources */,
				74DB97BC2E1D781300F3964F /* Frameworks */,
				74DB97BD2E1D781300F3964F /* Resources */,
			);
			buildRules = (
			);
			dependencies = (
			);
			fileSystemSynchronizedGroups = (
				74DB97C12E1D781300F3964F /* PeakTime */,
			);
			name = PeakTime;
			packageProductDependencies = (
				748261C62E25F6F500CD01AE /* FirebaseAI */,
				748261C82E25F6F500CD01AE /* FirebaseAnalytics */,
				748261CA2E25F6F500CD01AE /* FirebaseAnalyticsCore */,
				748261CC2E25F6F500CD01AE /* FirebaseAnalyticsIdentitySupport */,
				748261CE2E25F6F500CD01AE /* FirebaseAnalyticsOnDeviceConversion */,
				748261D02E25F6F500CD01AE /* FirebaseAnalyticsWithoutAdIdSupport */,
				748261D22E25F6F500CD01AE /* FirebaseAppCheck */,
				748261D42E25F6F500CD01AE /* FirebaseAppDistribution-Beta */,
				748261D62E25F6F500CD01AE /* FirebaseAuth */,
				748261D82E25F6F500CD01AE /* FirebaseAuthCombine-Community */,
				748261DA2E25F6F500CD01AE /* FirebaseCore */,
				748261DC2E25F6F500CD01AE /* FirebaseCrashlytics */,
				748261DE2E25F6F500CD01AE /* FirebaseDatabase */,
				748261E02E25F6F500CD01AE /* FirebaseDynamicLinks */,
				748261E22E25F6F500CD01AE /* FirebaseFirestore */,
				748261E42E25F6F500CD01AE /* FirebaseFirestoreCombine-Community */,
				748261E62E25F6F500CD01AE /* FirebaseFunctions */,
				748261E82E25F6F500CD01AE /* FirebaseFunctionsCombine-Community */,
				748261EA2E25F6F500CD01AE /* FirebaseInAppMessaging-Beta */,
				748261EC2E25F6F500CD01AE /* FirebaseInstallations */,
				748261EE2E25F6F500CD01AE /* FirebaseMLModelDownloader */,
				748261F02E25F6F500CD01AE /* FirebaseMessaging */,
				748261F22E25F6F500CD01AE /* FirebasePerformance */,
				748261F42E25F6F500CD01AE /* FirebaseRemoteConfig */,
				748261F62E25F6F500CD01AE /* FirebaseStorage */,
				748261F82E25F6F500CD01AE /* FirebaseStorageCombine-Community */,
				748261FA2E25F6F500CD01AE /* FirebaseVertexAI */,
				748261FD2E25F70900CD01AE /* Alamofire */,
				748261FF2E25F70900CD01AE /* AlamofireDynamic */,
				748262022E25F71A00CD01AE /* Kingfisher */,
				748262052E25F74100CD01AE /* KakaoSDK */,
				748262072E25F74100CD01AE /* KakaoSDKAuth */,
				748262092E25F74100CD01AE /* KakaoSDKCert */,
				7482620B2E25F74100CD01AE /* KakaoSDKCertCore */,
				7482620D2E25F74100CD01AE /* KakaoSDKCommon */,
				7482620F2E25F74100CD01AE /* KakaoSDKFriend */,
				748262112E25F74100CD01AE /* KakaoSDKFriendCore */,
				748262132E25F74100CD01AE /* KakaoSDKNavi */,
				748262152E25F74100CD01AE /* KakaoSDKShare */,
				748262172E25F74100CD01AE /* KakaoSDKTalk */,
				748262192E25F74100CD01AE /* KakaoSDKTemplate */,
				7482621B2E25F74100CD01AE /* KakaoSDKUser */,
			);
			productName = PeakTime;
			productReference = 74DB97BF2E1D781300F3964F /* PeakTime.app */;
			productType = "com.apple.product-type.application";
		};
		74DB97CC2E1D781400F3964F /* PeakTimeTests */ = {
			isa = PBXNativeTarget;
			buildConfigurationList = 74DB97E42E1D781400F3964F /* Build configuration list for PBXNativeTarget "PeakTimeTests" */;
			buildPhases = (
				74DB97C92E1D781400F3964F /* Sources */,
				74DB97CA2E1D781400F3964F /* Frameworks */,
				74DB97CB2E1D781400F3964F /* Resources */,
			);
			buildRules = (
			);
			dependencies = (
				74DB97CF2E1D781400F3964F /* PBXTargetDependency */,
			);
			fileSystemSynchronizedGroups = (
				74DB97D02E1D781400F3964F /* PeakTimeTests */,
			);
			name = PeakTimeTests;
			packageProductDependencies = (
			);
			productName = PeakTimeTests;
			productReference = 74DB97CD2E1D781400F3964F /* PeakTimeTests.xctest */;
			productType = "com.apple.product-type.bundle.unit-test";
		};
		74DB97D62E1D781400F3964F /* PeakTimeUITests */ = {
			isa = PBXNativeTarget;
			buildConfigurationList = 74DB97E72E1D781400F3964F /* Build configuration list for PBXNativeTarget "PeakTimeUITests" */;
			buildPhases = (
				74DB97D32E1D781400F3964F /* Sources */,
				74DB97D42E1D781400F3964F /* Frameworks */,
				74DB97D52E1D781400F3964F /* Resources */,
			);
			buildRules = (
			);
			dependencies = (
				74DB97D92E1D781400F3964F /* PBXTargetDependency */,
			);
			fileSystemSynchronizedGroups = (
				74DB97DA2E1D781400F3964F /* PeakTimeUITests */,
			);
			name = PeakTimeUITests;
			packageProductDependencies = (
			);
			productName = PeakTimeUITests;
			productReference = 74DB97D72E1D781400F3964F /* PeakTimeUITests.xctest */;
			productType = "com.apple.product-type.bundle.ui-testing";
		};
/* End PBXNativeTarget section */

/* Begin PBXProject section */
		74DB97B72E1D781300F3964F /* Project object */ = {
			isa = PBXProject;
			attributes = {
				BuildIndependentTargetsInParallel = 1;
				LastSwiftUpdateCheck = 1640;
				LastUpgradeCheck = 1640;
				TargetAttributes = {
					74DB97BE2E1D781300F3964F = {
						CreatedOnToolsVersion = 16.4;
					};
					74DB97CC2E1D781400F3964F = {
						CreatedOnToolsVersion = 16.4;
						TestTargetID = 74DB97BE2E1D781300F3964F;
					};
					74DB97D62E1D781400F3964F = {
						CreatedOnToolsVersion = 16.4;
						TestTargetID = 74DB97BE2E1D781300F3964F;
					};
				};
			};
			buildConfigurationList = 74DB97BA2E1D781300F3964F /* Build configuration list for PBXProject "PeakTime" */;
			developmentRegion = en;
			hasScannedForEncodings = 0;
			knownRegions = (
				en,
				Base,
			);
			mainGroup = 74DB97B62E1D781300F3964F;
			minimizedProjectReferenceProxies = 1;
			packageReferences = (
				748261C52E25F6F500CD01AE /* XCRemoteSwiftPackageReference "firebase-ios-sdk" */,
				748261FC2E25F70900CD01AE /* XCRemoteSwiftPackageReference "Alamofire" */,
				748262012E25F71A00CD01AE /* XCRemoteSwiftPackageReference "Kingfisher" */,
				748262042E25F74100CD01AE /* XCRemoteSwiftPackageReference "kakao-ios-sdk" */,
			);
			preferredProjectObjectVersion = 77;
			productRefGroup = 74DB97C02E1D781300F3964F /* Products */;
			projectDirPath = "";
			projectRoot = "";
			targets = (
				74DB97BE2E1D781300F3964F /* PeakTime */,
				74DB97CC2E1D781400F3964F /* PeakTimeTests */,
				74DB97D62E1D781400F3964F /* PeakTimeUITests */,
			);
		};
/* End PBXProject section */

/* Begin PBXResourcesBuildPhase section */
		74DB97BD2E1D781300F3964F /* Resources */ = {
			isa = PBXResourcesBuildPhase;
			buildActionMask = 2147483647;
			files = (
				7479C90D2E20F3280030BE89 /* .gitignore in Resources */,
				74DB97EE2E1D78E300F3964F /* README.md in Resources */,
			);
			runOnlyForDeploymentPostprocessing = 0;
		};
		74DB97CB2E1D781400F3964F /* Resources */ = {
			isa = PBXResourcesBuildPhase;
			buildActionMask = 2147483647;
			files = (
			);
			runOnlyForDeploymentPostprocessing = 0;
		};
		74DB97D52E1D781400F3964F /* Resources */ = {
			isa = PBXResourcesBuildPhase;
			buildActionMask = 2147483647;
			files = (
			);
			runOnlyForDeploymentPostprocessing = 0;
		};
/* End PBXResourcesBuildPhase section */

/* Begin PBXSourcesBuildPhase section */
		74DB97BB2E1D781300F3964F /* Sources */ = {
			isa = PBXSourcesBuildPhase;
			buildActionMask = 2147483647;
			files = (
			);
			runOnlyForDeploymentPostprocessing = 0;
		};
		74DB97C92E1D781400F3964F /* Sources */ = {
			isa = PBXSourcesBuildPhase;
			buildActionMask = 2147483647;
			files = (
			);
			runOnlyForDeploymentPostprocessing = 0;
		};
		74DB97D32E1D781400F3964F /* Sources */ = {
			isa = PBXSourcesBuildPhase;
			buildActionMask = 2147483647;
			files = (
			);
			runOnlyForDeploymentPostprocessing = 0;
		};
/* End PBXSourcesBuildPhase section */

/* Begin PBXTargetDependency section */
		74DB97CF2E1D781400F3964F /* PBXTargetDependency */ = {
			isa = PBXTargetDependency;
			target = 74DB97BE2E1D781300F3964F /* PeakTime */;
			targetProxy = 74DB97CE2E1D781400F3964F /* PBXContainerItemProxy */;
		};
		74DB97D92E1D781400F3964F /* PBXTargetDependency */ = {
			isa = PBXTargetDependency;
			target = 74DB97BE2E1D781300F3964F /* PeakTime */;
			targetProxy = 74DB97D82E1D781400F3964F /* PBXContainerItemProxy */;
		};
/* End PBXTargetDependency section */

/* Begin XCBuildConfiguration section */
		74DB97DF2E1D781400F3964F /* Debug */ = {
			isa = XCBuildConfiguration;
			buildSettings = {
				ALWAYS_SEARCH_USER_PATHS = NO;
				ASSETCATALOG_COMPILER_GENERATE_SWIFT_ASSET_SYMBOL_EXTENSIONS = YES;
				CLANG_ANALYZER_NONNULL = YES;
				CLANG_ANALYZER_NUMBER_OBJECT_CONVERSION = YES_AGGRESSIVE;
				CLANG_CXX_LANGUAGE_STANDARD = "gnu++20";
				CLANG_ENABLE_MODULES = YES;
				CLANG_ENABLE_OBJC_ARC = YES;
				CLANG_ENABLE_OBJC_WEAK = YES;
				CLANG_WARN_BLOCK_CAPTURE_AUTORELEASING = YES;
				CLANG_WARN_BOOL_CONVERSION = YES;
				CLANG_WARN_COMMA = YES;
				CLANG_WARN_CONSTANT_CONVERSION = YES;
				CLANG_WARN_DEPRECATED_OBJC_IMPLEMENTATIONS = YES;
				CLANG_WARN_DIRECT_OBJC_ISA_USAGE = YES_ERROR;
				CLANG_WARN_DOCUMENTATION_COMMENTS = YES;
				CLANG_WARN_EMPTY_BODY = YES;
				CLANG_WARN_ENUM_CONVERSION = YES;
				CLANG_WARN_INFINITE_RECURSION = YES;
				CLANG_WARN_INT_CONVERSION = YES;
				CLANG_WARN_NON_LITERAL_NULL_CONVERSION = YES;
				CLANG_WARN_OBJC_IMPLICIT_RETAIN_SELF = YES;
				CLANG_WARN_OBJC_LITERAL_CONVERSION = YES;
				CLANG_WARN_OBJC_ROOT_CLASS = YES_ERROR;
				CLANG_WARN_QUOTED_INCLUDE_IN_FRAMEWORK_HEADER = YES;
				CLANG_WARN_RANGE_LOOP_ANALYSIS = YES;
				CLANG_WARN_STRICT_PROTOTYPES = YES;
				CLANG_WARN_SUSPICIOUS_MOVE = YES;
				CLANG_WARN_UNGUARDED_AVAILABILITY = YES_AGGRESSIVE;
				CLANG_WARN_UNREACHABLE_CODE = YES;
				CLANG_WARN__DUPLICATE_METHOD_MATCH = YES;
				COPY_PHASE_STRIP = NO;
				DEBUG_INFORMATION_FORMAT = dwarf;
				ENABLE_STRICT_OBJC_MSGSEND = YES;
				ENABLE_TESTABILITY = YES;
				ENABLE_USER_SCRIPT_SANDBOXING = YES;
				GCC_C_LANGUAGE_STANDARD = gnu17;
				GCC_DYNAMIC_NO_PIC = NO;
				GCC_NO_COMMON_BLOCKS = YES;
				GCC_OPTIMIZATION_LEVEL = 0;
				GCC_PREPROCESSOR_DEFINITIONS = (
					"DEBUG=1",
					"$(inherited)",
				);
				GCC_WARN_64_TO_32_BIT_CONVERSION = YES;
				GCC_WARN_ABOUT_RETURN_TYPE = YES_ERROR;
				GCC_WARN_UNDECLARED_SELECTOR = YES;
				GCC_WARN_UNINITIALIZED_AUTOS = YES_AGGRESSIVE;
				GCC_WARN_UNUSED_FUNCTION = YES;
				GCC_WARN_UNUSED_VARIABLE = YES;
				LOCALIZATION_PREFERS_STRING_CATALOGS = YES;
				MTL_ENABLE_DEBUG_INFO = INCLUDE_SOURCE;
				MTL_FAST_MATH = YES;
				ONLY_ACTIVE_ARCH = YES;
				SWIFT_ACTIVE_COMPILATION_CONDITIONS = "DEBUG $(inherited)";
				SWIFT_OPTIMIZATION_LEVEL = "-Onone";
			};
			name = Debug;
		};
		74DB97E02E1D781400F3964F /* Release */ = {
			isa = XCBuildConfiguration;
			buildSettings = {
				ALWAYS_SEARCH_USER_PATHS = NO;
				ASSETCATALOG_COMPILER_GENERATE_SWIFT_ASSET_SYMBOL_EXTENSIONS = YES;
				CLANG_ANALYZER_NONNULL = YES;
				CLANG_ANALYZER_NUMBER_OBJECT_CONVERSION = YES_AGGRESSIVE;
				CLANG_CXX_LANGUAGE_STANDARD = "gnu++20";
				CLANG_ENABLE_MODULES = YES;
				CLANG_ENABLE_OBJC_ARC = YES;
				CLANG_ENABLE_OBJC_WEAK = YES;
				CLANG_WARN_BLOCK_CAPTURE_AUTORELEASING = YES;
				CLANG_WARN_BOOL_CONVERSION = YES;
				CLANG_WARN_COMMA = YES;
				CLANG_WARN_CONSTANT_CONVERSION = YES;
				CLANG_WARN_DEPRECATED_OBJC_IMPLEMENTATIONS = YES;
				CLANG_WARN_DIRECT_OBJC_ISA_USAGE = YES_ERROR;
				CLANG_WARN_DOCUMENTATION_COMMENTS = YES;
				CLANG_WARN_EMPTY_BODY = YES;
				CLANG_WARN_ENUM_CONVERSION = YES;
				CLANG_WARN_INFINITE_RECURSION = YES;
				CLANG_WARN_INT_CONVERSION = YES;
				CLANG_WARN_NON_LITERAL_NULL_CONVERSION = YES;
				CLANG_WARN_OBJC_IMPLICIT_RETAIN_SELF = YES;
				CLANG_WARN_OBJC_LITERAL_CONVERSION = YES;
				CLANG_WARN_OBJC_ROOT_CLASS = YES_ERROR;
				CLANG_WARN_QUOTED_INCLUDE_IN_FRAMEWORK_HEADER = YES;
				CLANG_WARN_RANGE_LOOP_ANALYSIS = YES;
				CLANG_WARN_STRICT_PROTOTYPES = YES;
				CLANG_WARN_SUSPICIOUS_MOVE = YES;
				CLANG_WARN_UNGUARDED_AVAILABILITY = YES_AGGRESSIVE;
				CLANG_WARN_UNREACHABLE_CODE = YES;
				CLANG_WARN__DUPLICATE_METHOD_MATCH = YES;
				COPY_PHASE_STRIP = NO;
				DEBUG_INFORMATION_FORMAT = "dwarf-with-dsym";
				ENABLE_NS_ASSERTIONS = NO;
				ENABLE_STRICT_OBJC_MSGSEND = YES;
				ENABLE_USER_SCRIPT_SANDBOXING = YES;
				GCC_C_LANGUAGE_STANDARD = gnu17;
				GCC_NO_COMMON_BLOCKS = YES;
				GCC_WARN_64_TO_32_BIT_CONVERSION = YES;
				GCC_WARN_ABOUT_RETURN_TYPE = YES_ERROR;
				GCC_WARN_UNDECLARED_SELECTOR = YES;
				GCC_WARN_UNINITIALIZED_AUTOS = YES_AGGRESSIVE;
				GCC_WARN_UNUSED_FUNCTION = YES;
				GCC_WARN_UNUSED_VARIABLE = YES;
				LOCALIZATION_PREFERS_STRING_CATALOGS = YES;
				MTL_ENABLE_DEBUG_INFO = NO;
				MTL_FAST_MATH = YES;
				SWIFT_COMPILATION_MODE = wholemodule;
			};
			name = Release;
		};
		74DB97E22E1D781400F3964F /* Debug */ = {
			isa = XCBuildConfiguration;
			buildSettings = {
				ASSETCATALOG_COMPILER_APPICON_NAME = AppIcon;
				ASSETCATALOG_COMPILER_GLOBAL_ACCENT_COLOR_NAME = AccentColor;
				CODE_SIGN_ENTITLEMENTS = PeakTime/PeakTime.entitlements;
				CODE_SIGN_STYLE = Automatic;
				CURRENT_PROJECT_VERSION = 1;
				ENABLE_PREVIEWS = YES;
				GENERATE_INFOPLIST_FILE = YES;
				"INFOPLIST_KEY_UIApplicationSceneManifest_Generation[sdk=iphoneos*]" = YES;
				"INFOPLIST_KEY_UIApplicationSceneManifest_Generation[sdk=iphonesimulator*]" = YES;
				"INFOPLIST_KEY_UIApplicationSupportsIndirectInputEvents[sdk=iphoneos*]" = YES;
				"INFOPLIST_KEY_UIApplicationSupportsIndirectInputEvents[sdk=iphonesimulator*]" = YES;
				"INFOPLIST_KEY_UILaunchScreen_Generation[sdk=iphoneos*]" = YES;
				"INFOPLIST_KEY_UILaunchScreen_Generation[sdk=iphonesimulator*]" = YES;
				"INFOPLIST_KEY_UIStatusBarStyle[sdk=iphoneos*]" = UIStatusBarStyleDefault;
				"INFOPLIST_KEY_UIStatusBarStyle[sdk=iphonesimulator*]" = UIStatusBarStyleDefault;
				INFOPLIST_KEY_UISupportedInterfaceOrientations_iPad = "UIInterfaceOrientationPortrait UIInterfaceOrientationPortraitUpsideDown UIInterfaceOrientationLandscapeLeft UIInterfaceOrientationLandscapeRight";
				INFOPLIST_KEY_UISupportedInterfaceOrientations_iPhone = "UIInterfaceOrientationPortrait UIInterfaceOrientationLandscapeLeft UIInterfaceOrientationLandscapeRight";
				IPHONEOS_DEPLOYMENT_TARGET = 18.5;
				LD_RUNPATH_SEARCH_PATHS = "@executable_path/Frameworks";
				"LD_RUNPATH_SEARCH_PATHS[sdk=macosx*]" = "@executable_path/../Frameworks";
				MACOSX_DEPLOYMENT_TARGET = 15.5;
				MARKETING_VERSION = 1.0;
				PRODUCT_BUNDLE_IDENTIFIER = JunHui.PeakTime;
				PRODUCT_NAME = "$(TARGET_NAME)";
				REGISTER_APP_GROUPS = YES;
				SDKROOT = auto;
				SUPPORTED_PLATFORMS = "iphoneos iphonesimulator macosx xros xrsimulator";
				SWIFT_EMIT_LOC_STRINGS = YES;
				SWIFT_VERSION = 5.0;
				TARGETED_DEVICE_FAMILY = "1,2,7";
				XROS_DEPLOYMENT_TARGET = 2.5;
			};
			name = Debug;
		};
		74DB97E32E1D781400F3964F /* Release */ = {
			isa = XCBuildConfiguration;
			buildSettings = {
				ASSETCATALOG_COMPILER_APPICON_NAME = AppIcon;
				ASSETCATALOG_COMPILER_GLOBAL_ACCENT_COLOR_NAME = AccentColor;
				CODE_SIGN_ENTITLEMENTS = PeakTime/PeakTime.entitlements;
				CODE_SIGN_STYLE = Automatic;
				CURRENT_PROJECT_VERSION = 1;
				ENABLE_PREVIEWS = YES;
				GENERATE_INFOPLIST_FILE = YES;
				"INFOPLIST_KEY_UIApplicationSceneManifest_Generation[sdk=iphoneos*]" = YES;
				"INFOPLIST_KEY_UIApplicationSceneManifest_Generation[sdk=iphonesimulator*]" = YES;
				"INFOPLIST_KEY_UIApplicationSupportsIndirectInputEvents[sdk=iphoneos*]" = YES;
				"INFOPLIST_KEY_UIApplicationSupportsIndirectInputEvents[sdk=iphonesimulator*]" = YES;
				"INFOPLIST_KEY_UILaunchScreen_Generation[sdk=iphoneos*]" = YES;
				"INFOPLIST_KEY_UILaunchScreen_Generation[sdk=iphonesimulator*]" = YES;
				"INFOPLIST_KEY_UIStatusBarStyle[sdk=iphoneos*]" = UIStatusBarStyleDefault;
				"INFOPLIST_KEY_UIStatusBarStyle[sdk=iphonesimulator*]" = UIStatusBarStyleDefault;
				INFOPLIST_KEY_UISupportedInterfaceOrientations_iPad = "UIInterfaceOrientationPortrait UIInterfaceOrientationPortraitUpsideDown UIInterfaceOrientationLandscapeLeft UIInterfaceOrientationLandscapeRight";
				INFOPLIST_KEY_UISupportedInterfaceOrientations_iPhone = "UIInterfaceOrientationPortrait UIInterfaceOrientationLandscapeLeft UIInterfaceOrientationLandscapeRight";
				IPHONEOS_DEPLOYMENT_TARGET = 18.5;
				LD_RUNPATH_SEARCH_PATHS = "@executable_path/Frameworks";
				"LD_RUNPATH_SEARCH_PATHS[sdk=macosx*]" = "@executable_path/../Frameworks";
				MACOSX_DEPLOYMENT_TARGET = 15.5;
				MARKETING_VERSION = 1.0;
				PRODUCT_BUNDLE_IDENTIFIER = JunHui.PeakTime;
				PRODUCT_NAME = "$(TARGET_NAME)";
				REGISTER_APP_GROUPS = YES;
				SDKROOT = auto;
				SUPPORTED_PLATFORMS = "iphoneos iphonesimulator macosx xros xrsimulator";
				SWIFT_EMIT_LOC_STRINGS = YES;
				SWIFT_VERSION = 5.0;
				TARGETED_DEVICE_FAMILY = "1,2,7";
				XROS_DEPLOYMENT_TARGET = 2.5;
			};
			name = Release;
		};
		74DB97E52E1D781400F3964F /* Debug */ = {
			isa = XCBuildConfiguration;
			buildSettings = {
				BUNDLE_LOADER = "$(TEST_HOST)";
				CODE_SIGN_STYLE = Automatic;
				CURRENT_PROJECT_VERSION = 1;
				GENERATE_INFOPLIST_FILE = YES;
				IPHONEOS_DEPLOYMENT_TARGET = 18.5;
				MACOSX_DEPLOYMENT_TARGET = 15.5;
				MARKETING_VERSION = 1.0;
				PRODUCT_BUNDLE_IDENTIFIER = JunHui.PeakTimeTests;
				PRODUCT_NAME = "$(TARGET_NAME)";
				SDKROOT = auto;
				SUPPORTED_PLATFORMS = "iphoneos iphonesimulator macosx xros xrsimulator";
				SWIFT_EMIT_LOC_STRINGS = NO;
				SWIFT_VERSION = 5.0;
				TARGETED_DEVICE_FAMILY = "1,2,7";
				TEST_HOST = "$(BUILT_PRODUCTS_DIR)/PeakTime.app/$(BUNDLE_EXECUTABLE_FOLDER_PATH)/PeakTime";
				XROS_DEPLOYMENT_TARGET = 2.5;
			};
			name = Debug;
		};
		74DB97E62E1D781400F3964F /* Release */ = {
			isa = XCBuildConfiguration;
			buildSettings = {
				BUNDLE_LOADER = "$(TEST_HOST)";
				CODE_SIGN_STYLE = Automatic;
				CURRENT_PROJECT_VERSION = 1;
				GENERATE_INFOPLIST_FILE = YES;
				IPHONEOS_DEPLOYMENT_TARGET = 18.5;
				MACOSX_DEPLOYMENT_TARGET = 15.5;
				MARKETING_VERSION = 1.0;
				PRODUCT_BUNDLE_IDENTIFIER = JunHui.PeakTimeTests;
				PRODUCT_NAME = "$(TARGET_NAME)";
				SDKROOT = auto;
				SUPPORTED_PLATFORMS = "iphoneos iphonesimulator macosx xros xrsimulator";
				SWIFT_EMIT_LOC_STRINGS = NO;
				SWIFT_VERSION = 5.0;
				TARGETED_DEVICE_FAMILY = "1,2,7";
				TEST_HOST = "$(BUILT_PRODUCTS_DIR)/PeakTime.app/$(BUNDLE_EXECUTABLE_FOLDER_PATH)/PeakTime";
				XROS_DEPLOYMENT_TARGET = 2.5;
			};
			name = Release;
		};
		74DB97E82E1D781400F3964F /* Debug */ = {
			isa = XCBuildConfiguration;
			buildSettings = {
				CODE_SIGN_STYLE = Automatic;
				CURRENT_PROJECT_VERSION = 1;
				GENERATE_INFOPLIST_FILE = YES;
				IPHONEOS_DEPLOYMENT_TARGET = 18.5;
				MACOSX_DEPLOYMENT_TARGET = 15.5;
				MARKETING_VERSION = 1.0;
				PRODUCT_BUNDLE_IDENTIFIER = JunHui.PeakTimeUITests;
				PRODUCT_NAME = "$(TARGET_NAME)";
				SDKROOT = auto;
				SUPPORTED_PLATFORMS = "iphoneos iphonesimulator macosx xros xrsimulator";
				SWIFT_EMIT_LOC_STRINGS = NO;
				SWIFT_VERSION = 5.0;
				TARGETED_DEVICE_FAMILY = "1,2,7";
				TEST_TARGET_NAME = PeakTime;
				XROS_DEPLOYMENT_TARGET = 2.5;
			};
			name = Debug;
		};
		74DB97E92E1D781400F3964F /* Release */ = {
			isa = XCBuildConfiguration;
			buildSettings = {
				CODE_SIGN_STYLE = Automatic;
				CURRENT_PROJECT_VERSION = 1;
				GENERATE_INFOPLIST_FILE = YES;
				IPHONEOS_DEPLOYMENT_TARGET = 18.5;
				MACOSX_DEPLOYMENT_TARGET = 15.5;
				MARKETING_VERSION = 1.0;
				PRODUCT_BUNDLE_IDENTIFIER = JunHui.PeakTimeUITests;
				PRODUCT_NAME = "$(TARGET_NAME)";
				SDKROOT = auto;
				SUPPORTED_PLATFORMS = "iphoneos iphonesimulator macosx xros xrsimulator";
				SWIFT_EMIT_LOC_STRINGS = NO;
				SWIFT_VERSION = 5.0;
				TARGETED_DEVICE_FAMILY = "1,2,7";
				TEST_TARGET_NAME = PeakTime;
				XROS_DEPLOYMENT_TARGET = 2.5;
			};
			name = Release;
		};
/* End XCBuildConfiguration section */

/* Begin XCConfigurationList section */
		74DB97BA2E1D781300F3964F /* Build configuration list for PBXProject "PeakTime" */ = {
			isa = XCConfigurationList;
			buildConfigurations = (
				74DB97DF2E1D781400F3964F /* Debug */,
				74DB97E02E1D781400F3964F /* Release */,
			);
			defaultConfigurationIsVisible = 0;
			defaultConfigurationName = Release;
		};
		74DB97E12E1D781400F3964F /* Build configuration list for PBXNativeTarget "PeakTime" */ = {
			isa = XCConfigurationList;
			buildConfigurations = (
				74DB97E22E1D781400F3964F /* Debug */,
				74DB97E32E1D781400F3964F /* Release */,
			);
			defaultConfigurationIsVisible = 0;
			defaultConfigurationName = Release;
		};
		74DB97E42E1D781400F3964F /* Build configuration list for PBXNativeTarget "PeakTimeTests" */ = {
			isa = XCConfigurationList;
			buildConfigurations = (
				74DB97E52E1D781400F3964F /* Debug */,
				74DB97E62E1D781400F3964F /* Release */,
			);
			defaultConfigurationIsVisible = 0;
			defaultConfigurationName = Release;
		};
		74DB97E72E1D781400F3964F /* Build configuration list for PBXNativeTarget "PeakTimeUITests" */ = {
			isa = XCConfigurationList;
			buildConfigurations = (
				74DB97E82E1D781400F3964F /* Debug */,
				74DB97E92E1D781400F3964F /* Release */,
			);
			defaultConfigurationIsVisible = 0;
			defaultConfigurationName = Release;
		};
/* End XCConfigurationList section */

/* Begin XCRemoteSwiftPackageReference section */
		748261C52E25F6F500CD01AE /* XCRemoteSwiftPackageReference "firebase-ios-sdk" */ = {
			isa = XCRemoteSwiftPackageReference;
			repositoryURL = "https://github.com/firebase/firebase-ios-sdk";
			requirement = {
				kind = upToNextMajorVersion;
				minimumVersion = 11.15.0;
			};
		};
		748261FC2E25F70900CD01AE /* XCRemoteSwiftPackageReference "Alamofire" */ = {
			isa = XCRemoteSwiftPackageReference;
			repositoryURL = "https://github.com/Alamofire/Alamofire";
			requirement = {
				kind = upToNextMajorVersion;
				minimumVersion = 5.10.2;
			};
		};
		748262012E25F71A00CD01AE /* XCRemoteSwiftPackageReference "Kingfisher" */ = {
			isa = XCRemoteSwiftPackageReference;
			repositoryURL = "https://github.com/onevcat/Kingfisher";
			requirement = {
				kind = upToNextMajorVersion;
				minimumVersion = 8.5.0;
			};
		};
		748262042E25F74100CD01AE /* XCRemoteSwiftPackageReference "kakao-ios-sdk" */ = {
			isa = XCRemoteSwiftPackageReference;
			repositoryURL = "https://github.com/kakao/kakao-ios-sdk";
			requirement = {
				kind = upToNextMajorVersion;
				minimumVersion = 2.24.5;
			};
		};
/* End XCRemoteSwiftPackageReference section */

/* Begin XCSwiftPackageProductDependency section */
		748261C62E25F6F500CD01AE /* FirebaseAI */ = {
			isa = XCSwiftPackageProductDependency;
			package = 748261C52E25F6F500CD01AE /* XCRemoteSwiftPackageReference "firebase-ios-sdk" */;
			productName = FirebaseAI;
		};
		748261C82E25F6F500CD01AE /* FirebaseAnalytics */ = {
			isa = XCSwiftPackageProductDependency;
			package = 748261C52E25F6F500CD01AE /* XCRemoteSwiftPackageReference "firebase-ios-sdk" */;
			productName = FirebaseAnalytics;
		};
		748261CA2E25F6F500CD01AE /* FirebaseAnalyticsCore */ = {
			isa = XCSwiftPackageProductDependency;
			package = 748261C52E25F6F500CD01AE /* XCRemoteSwiftPackageReference "firebase-ios-sdk" */;
			productName = FirebaseAnalyticsCore;
		};
		748261CC2E25F6F500CD01AE /* FirebaseAnalyticsIdentitySupport */ = {
			isa = XCSwiftPackageProductDependency;
			package = 748261C52E25F6F500CD01AE /* XCRemoteSwiftPackageReference "firebase-ios-sdk" */;
			productName = FirebaseAnalyticsIdentitySupport;
		};
		748261CE2E25F6F500CD01AE /* FirebaseAnalyticsOnDeviceConversion */ = {
			isa = XCSwiftPackageProductDependency;
			package = 748261C52E25F6F500CD01AE /* XCRemoteSwiftPackageReference "firebase-ios-sdk" */;
			productName = FirebaseAnalyticsOnDeviceConversion;
		};
		748261D02E25F6F500CD01AE /* FirebaseAnalyticsWithoutAdIdSupport */ = {
			isa = XCSwiftPackageProductDependency;
			package = 748261C52E25F6F500CD01AE /* XCRemoteSwiftPackageReference "firebase-ios-sdk" */;
			productName = FirebaseAnalyticsWithoutAdIdSupport;
		};
		748261D22E25F6F500CD01AE /* FirebaseAppCheck */ = {
			isa = XCSwiftPackageProductDependency;
			package = 748261C52E25F6F500CD01AE /* XCRemoteSwiftPackageReference "firebase-ios-sdk" */;
			productName = FirebaseAppCheck;
		};
		748261D42E25F6F500CD01AE /* FirebaseAppDistribution-Beta */ = {
			isa = XCSwiftPackageProductDependency;
			package = 748261C52E25F6F500CD01AE /* XCRemoteSwiftPackageReference "firebase-ios-sdk" */;
			productName = "FirebaseAppDistribution-Beta";
		};
		748261D62E25F6F500CD01AE /* FirebaseAuth */ = {
			isa = XCSwiftPackageProductDependency;
			package = 748261C52E25F6F500CD01AE /* XCRemoteSwiftPackageReference "firebase-ios-sdk" */;
			productName = FirebaseAuth;
		};
		748261D82E25F6F500CD01AE /* FirebaseAuthCombine-Community */ = {
			isa = XCSwiftPackageProductDependency;
			package = 748261C52E25F6F500CD01AE /* XCRemoteSwiftPackageReference "firebase-ios-sdk" */;
			productName = "FirebaseAuthCombine-Community";
		};
		748261DA2E25F6F500CD01AE /* FirebaseCore */ = {
			isa = XCSwiftPackageProductDependency;
			package = 748261C52E25F6F500CD01AE /* XCRemoteSwiftPackageReference "firebase-ios-sdk" */;
			productName = FirebaseCore;
		};
		748261DC2E25F6F500CD01AE /* FirebaseCrashlytics */ = {
			isa = XCSwiftPackageProductDependency;
			package = 748261C52E25F6F500CD01AE /* XCRemoteSwiftPackageReference "firebase-ios-sdk" */;
			productName = FirebaseCrashlytics;
		};
		748261DE2E25F6F500CD01AE /* FirebaseDatabase */ = {
			isa = XCSwiftPackageProductDependency;
			package = 748261C52E25F6F500CD01AE /* XCRemoteSwiftPackageReference "firebase-ios-sdk" */;
			productName = FirebaseDatabase;
		};
		748261E02E25F6F500CD01AE /* FirebaseDynamicLinks */ = {
			isa = XCSwiftPackageProductDependency;
			package = 748261C52E25F6F500CD01AE /* XCRemoteSwiftPackageReference "firebase-ios-sdk" */;
			productName = FirebaseDynamicLinks;
		};
		748261E22E25F6F500CD01AE /* FirebaseFirestore */ = {
			isa = XCSwiftPackageProductDependency;
			package = 748261C52E25F6F500CD01AE /* XCRemoteSwiftPackageReference "firebase-ios-sdk" */;
			productName = FirebaseFirestore;
		};
		748261E42E25F6F500CD01AE /* FirebaseFirestoreCombine-Community */ = {
			isa = XCSwiftPackageProductDependency;
			package = 748261C52E25F6F500CD01AE /* XCRemoteSwiftPackageReference "firebase-ios-sdk" */;
			productName = "FirebaseFirestoreCombine-Community";
		};
		748261E62E25F6F500CD01AE /* FirebaseFunctions */ = {
			isa = XCSwiftPackageProductDependency;
			package = 748261C52E25F6F500CD01AE /* XCRemoteSwiftPackageReference "firebase-ios-sdk" */;
			productName = FirebaseFunctions;
		};
		748261E82E25F6F500CD01AE /* FirebaseFunctionsCombine-Community */ = {
			isa = XCSwiftPackageProductDependency;
			package = 748261C52E25F6F500CD01AE /* XCRemoteSwiftPackageReference "firebase-ios-sdk" */;
			productName = "FirebaseFunctionsCombine-Community";
		};
		748261EA2E25F6F500CD01AE /* FirebaseInAppMessaging-Beta */ = {
			isa = XCSwiftPackageProductDependency;
			package = 748261C52E25F6F500CD01AE /* XCRemoteSwiftPackageReference "firebase-ios-sdk" */;
			productName = "FirebaseInAppMessaging-Beta";
		};
		748261EC2E25F6F500CD01AE /* FirebaseInstallations */ = {
			isa = XCSwiftPackageProductDependency;
			package = 748261C52E25F6F500CD01AE /* XCRemoteSwiftPackageReference "firebase-ios-sdk" */;
			productName = FirebaseInstallations;
		};
		748261EE2E25F6F500CD01AE /* FirebaseMLModelDownloader */ = {
			isa = XCSwiftPackageProductDependency;
			package = 748261C52E25F6F500CD01AE /* XCRemoteSwiftPackageReference "firebase-ios-sdk" */;
			productName = FirebaseMLModelDownloader;
		};
		748261F02E25F6F500CD01AE /* FirebaseMessaging */ = {
			isa = XCSwiftPackageProductDependency;
			package = 748261C52E25F6F500CD01AE /* XCRemoteSwiftPackageReference "firebase-ios-sdk" */;
			productName = FirebaseMessaging;
		};
		748261F22E25F6F500CD01AE /* FirebasePerformance */ = {
			isa = XCSwiftPackageProductDependency;
			package = 748261C52E25F6F500CD01AE /* XCRemoteSwiftPackageReference "firebase-ios-sdk" */;
			productName = FirebasePerformance;
		};
		748261F42E25F6F500CD01AE /* FirebaseRemoteConfig */ = {
			isa = XCSwiftPackageProductDependency;
			package = 748261C52E25F6F500CD01AE /* XCRemoteSwiftPackageReference "firebase-ios-sdk" */;
			productName = FirebaseRemoteConfig;
		};
		748261F62E25F6F500CD01AE /* FirebaseStorage */ = {
			isa = XCSwiftPackageProductDependency;
			package = 748261C52E25F6F500CD01AE /* XCRemoteSwiftPackageReference "firebase-ios-sdk" */;
			productName = FirebaseStorage;
		};
		748261F82E25F6F500CD01AE /* FirebaseStorageCombine-Community */ = {
			isa = XCSwiftPackageProductDependency;
			package = 748261C52E25F6F500CD01AE /* XCRemoteSwiftPackageReference "firebase-ios-sdk" */;
			productName = "FirebaseStorageCombine-Community";
		};
		748261FA2E25F6F500CD01AE /* FirebaseVertexAI */ = {
			isa = XCSwiftPackageProductDependency;
			package = 748261C52E25F6F500CD01AE /* XCRemoteSwiftPackageReference "firebase-ios-sdk" */;
			productName = FirebaseVertexAI;
		};
		748261FD2E25F70900CD01AE /* Alamofire */ = {
			isa = XCSwiftPackageProductDependency;
			package = 748261FC2E25F70900CD01AE /* XCRemoteSwiftPackageReference "Alamofire" */;
			productName = Alamofire;
		};
		748261FF2E25F70900CD01AE /* AlamofireDynamic */ = {
			isa = XCSwiftPackageProductDependency;
			package = 748261FC2E25F70900CD01AE /* XCRemoteSwiftPackageReference "Alamofire" */;
			productName = AlamofireDynamic;
		};
		748262022E25F71A00CD01AE /* Kingfisher */ = {
			isa = XCSwiftPackageProductDependency;
			package = 748262012E25F71A00CD01AE /* XCRemoteSwiftPackageReference "Kingfisher" */;
			productName = Kingfisher;
		};
		748262052E25F74100CD01AE /* KakaoSDK */ = {
			isa = XCSwiftPackageProductDependency;
			package = 748262042E25F74100CD01AE /* XCRemoteSwiftPackageReference "kakao-ios-sdk" */;
			productName = KakaoSDK;
		};
		748262072E25F74100CD01AE /* KakaoSDKAuth */ = {
			isa = XCSwiftPackageProductDependency;
			package = 748262042E25F74100CD01AE /* XCRemoteSwiftPackageReference "kakao-ios-sdk" */;
			productName = KakaoSDKAuth;
		};
		748262092E25F74100CD01AE /* KakaoSDKCert */ = {
			isa = XCSwiftPackageProductDependency;
			package = 748262042E25F74100CD01AE /* XCRemoteSwiftPackageReference "kakao-ios-sdk" */;
			productName = KakaoSDKCert;
		};
		7482620B2E25F74100CD01AE /* KakaoSDKCertCore */ = {
			isa = XCSwiftPackageProductDependency;
			package = 748262042E25F74100CD01AE /* XCRemoteSwiftPackageReference "kakao-ios-sdk" */;
			productName = KakaoSDKCertCore;
		};
		7482620D2E25F74100CD01AE /* KakaoSDKCommon */ = {
			isa = XCSwiftPackageProductDependency;
			package = 748262042E25F74100CD01AE /* XCRemoteSwiftPackageReference "kakao-ios-sdk" */;
			productName = KakaoSDKCommon;
		};
		7482620F2E25F74100CD01AE /* KakaoSDKFriend */ = {
			isa = XCSwiftPackageProductDependency;
			package = 748262042E25F74100CD01AE /* XCRemoteSwiftPackageReference "kakao-ios-sdk" */;
			productName = KakaoSDKFriend;
		};
		748262112E25F74100CD01AE /* KakaoSDKFriendCore */ = {
			isa = XCSwiftPackageProductDependency;
			package = 748262042E25F74100CD01AE /* XCRemoteSwiftPackageReference "kakao-ios-sdk" */;
			productName = KakaoSDKFriendCore;
		};
		748262132E25F74100CD01AE /* KakaoSDKNavi */ = {
			isa = XCSwiftPackageProductDependency;
			package = 748262042E25F74100CD01AE /* XCRemoteSwiftPackageReference "kakao-ios-sdk" */;
			productName = KakaoSDKNavi;
		};
		748262152E25F74100CD01AE /* KakaoSDKShare */ = {
			isa = XCSwiftPackageProductDependency;
			package = 748262042E25F74100CD01AE /* XCRemoteSwiftPackageReference "kakao-ios-sdk" */;
			productName = KakaoSDKShare;
		};
		748262172E25F74100CD01AE /* KakaoSDKTalk */ = {
			isa = XCSwiftPackageProductDependency;
			package = 748262042E25F74100CD01AE /* XCRemoteSwiftPackageReference "kakao-ios-sdk" */;
			productName = KakaoSDKTalk;
		};
		748262192E25F74100CD01AE /* KakaoSDKTemplate */ = {
			isa = XCSwiftPackageProductDependency;
			package = 748262042E25F74100CD01AE /* XCRemoteSwiftPackageReference "kakao-ios-sdk" */;
			productName = KakaoSDKTemplate;
		};
		7482621B2E25F74100CD01AE /* KakaoSDKUser */ = {
			isa = XCSwiftPackageProductDependency;
			package = 748262042E25F74100CD01AE /* XCRemoteSwiftPackageReference "kakao-ios-sdk" */;
			productName = KakaoSDKUser;
		};
/* End XCSwiftPackageProductDependency section */
	};
	rootObject = 74DB97B72E1D781300F3964F /* Project object */;
}
